// !$*UTF8*$!
{
	archiveVersion = 1;
	classes = {
	};
	objectVersion = 56;
	objects = {

/* Begin PBXBuildFile section */
		0F087CFC294CD0AF00512043 /* AppDelegate.swift in Sources */ = {isa = PBXBuildFile; fileRef = 0F087CFB294CD0AF00512043 /* AppDelegate.swift */; };
		0F087CFE294CD0AF00512043 /* SceneDelegate.swift in Sources */ = {isa = PBXBuildFile; fileRef = 0F087CFD294CD0AF00512043 /* SceneDelegate.swift */; };
		0F087D00294CD0AF00512043 /* ViewController.swift in Sources */ = {isa = PBXBuildFile; fileRef = 0F087CFF294CD0AF00512043 /* ViewController.swift */; };
		0F087D03294CD0AF00512043 /* Main.storyboard in Resources */ = {isa = PBXBuildFile; fileRef = 0F087D01294CD0AF00512043 /* Main.storyboard */; };
		0F087D05294CD0B000512043 /* Assets.xcassets in Resources */ = {isa = PBXBuildFile; fileRef = 0F087D04294CD0B000512043 /* Assets.xcassets */; };
		0F087D08294CD0B000512043 /* LaunchScreen.storyboard in Resources */ = {isa = PBXBuildFile; fileRef = 0F087D06294CD0B000512043 /* LaunchScreen.storyboard */; };
		0F087D13294CD0B100512043 /* DojoAppTests.swift in Sources */ = {isa = PBXBuildFile; fileRef = 0F087D12294CD0B100512043 /* DojoAppTests.swift */; };
		0F087D1D294CD0B100512043 /* DojoAppUITests.swift in Sources */ = {isa = PBXBuildFile; fileRef = 0F087D1C294CD0B100512043 /* DojoAppUITests.swift */; };
		0F087D1F294CD0B100512043 /* DojoAppUITestsLaunchTests.swift in Sources */ = {isa = PBXBuildFile; fileRef = 0F087D1E294CD0B100512043 /* DojoAppUITestsLaunchTests.swift */; };
/* End PBXBuildFile section */

/* Begin PBXContainerItemProxy section */
		0F087D0F294CD0B100512043 /* PBXContainerItemProxy */ = {
			isa = PBXContainerItemProxy;
			containerPortal = 0F087CF0294CD0AF00512043 /* Project object */;
			proxyType = 1;
			remoteGlobalIDString = 0F087CF7294CD0AF00512043;
			remoteInfo = DojoApp;
		};
		0F087D19294CD0B100512043 /* PBXContainerItemProxy */ = {
			isa = PBXContainerItemProxy;
			containerPortal = 0F087CF0294CD0AF00512043 /* Project object */;
			proxyType = 1;
			remoteGlobalIDString = 0F087CF7294CD0AF00512043;
			remoteInfo = DojoApp;
		};
/* End PBXContainerItemProxy section */

/* Begin PBXFileReference section */
		0F087CF8294CD0AF00512043 /* DojoApp.app */ = {isa = PBXFileReference; explicitFileType = wrapper.application; includeInIndex = 0; path = DojoApp.app; sourceTree = BUILT_PRODUCTS_DIR; };
		0F087CFB294CD0AF00512043 /* AppDelegate.swift */ = {isa = PBXFileReference; lastKnownFileType = sourcecode.swift; path = AppDelegate.swift; sourceTree = "<group>"; };
		0F087CFD294CD0AF00512043 /* SceneDelegate.swift */ = {isa = PBXFileReference; lastKnownFileType = sourcecode.swift; path = SceneDelegate.swift; sourceTree = "<group>"; };
		0F087CFF294CD0AF00512043 /* ViewController.swift */ = {isa = PBXFileReference; lastKnownFileType = sourcecode.swift; path = ViewController.swift; sourceTree = "<group>"; };
		0F087D02294CD0AF00512043 /* Base */ = {isa = PBXFileReference; lastKnownFileType = file.storyboard; name = Base; path = Base.lproj/Main.storyboard; sourceTree = "<group>"; };
		0F087D04294CD0B000512043 /* Assets.xcassets */ = {isa = PBXFileReference; lastKnownFileType = folder.assetcatalog; path = Assets.xcassets; sourceTree = "<group>"; };
		0F087D07294CD0B000512043 /* Base */ = {isa = PBXFileReference; lastKnownFileType = file.storyboard; name = Base; path = Base.lproj/LaunchScreen.storyboard; sourceTree = "<group>"; };
		0F087D09294CD0B000512043 /* Info.plist */ = {isa = PBXFileReference; lastKnownFileType = text.plist.xml; path = Info.plist; sourceTree = "<group>"; };
		0F087D0E294CD0B100512043 /* DojoAppTests.xctest */ = {isa = PBXFileReference; explicitFileType = wrapper.cfbundle; includeInIndex = 0; path = DojoAppTests.xctest; sourceTree = BUILT_PRODUCTS_DIR; };
		0F087D12294CD0B100512043 /* DojoAppTests.swift */ = {isa = PBXFileReference; lastKnownFileType = sourcecode.swift; path = DojoAppTests.swift; sourceTree = "<group>"; };
		0F087D18294CD0B100512043 /* DojoAppUITests.xctest */ = {isa = PBXFileReference; explicitFileType = wrapper.cfbundle; includeInIndex = 0; path = DojoAppUITests.xctest; sourceTree = BUILT_PRODUCTS_DIR; };
		0F087D1C294CD0B100512043 /* DojoAppUITests.swift */ = {isa = PBXFileReference; lastKnownFileType = sourcecode.swift; path = DojoAppUITests.swift; sourceTree = "<group>"; };
		0F087D1E294CD0B100512043 /* DojoAppUITestsLaunchTests.swift */ = {isa = PBXFileReference; lastKnownFileType = sourcecode.swift; path = DojoAppUITestsLaunchTests.swift; sourceTree = "<group>"; };
/* End PBXFileReference section */

/* Begin PBXFrameworksBuildPhase section */
		0F087CF5294CD0AF00512043 /* Frameworks */ = {
			isa = PBXFrameworksBuildPhase;
			buildActionMask = 2147483647;
			files = (
			);
			runOnlyForDeploymentPostprocessing = 0;
		};
		0F087D0B294CD0B100512043 /* Frameworks */ = {
			isa = PBXFrameworksBuildPhase;
			buildActionMask = 2147483647;
			files = (
			);
			runOnlyForDeploymentPostprocessing = 0;
		};
		0F087D15294CD0B100512043 /* Frameworks */ = {
			isa = PBXFrameworksBuildPhase;
			buildActionMask = 2147483647;
			files = (
			);
			runOnlyForDeploymentPostprocessing = 0;
		};
/* End PBXFrameworksBuildPhase section */

/* Begin PBXGroup section */
		0F087CEF294CD0AF00512043 = {
			isa = PBXGroup;
			children = (
				0F087CFA294CD0AF00512043 /* DojoApp */,
				0F087D11294CD0B100512043 /* DojoAppTests */,
				0F087D1B294CD0B100512043 /* DojoAppUITests */,
				0F087CF9294CD0AF00512043 /* Products */,
			);
			sourceTree = "<group>";
		};
		0F087CF9294CD0AF00512043 /* Products */ = {
			isa = PBXGroup;
			children = (
				0F087CF8294CD0AF00512043 /* DojoApp.app */,
				0F087D0E294CD0B100512043 /* DojoAppTests.xctest */,
				0F087D18294CD0B100512043 /* DojoAppUITests.xctest */,
			);
			name = Products;
			sourceTree = "<group>";
		};
		0F087CFA294CD0AF00512043 /* DojoApp */ = {
			isa = PBXGroup;
			children = (
				0F087D2B294CD11D00512043 /* Resources */,
				0F087CFB294CD0AF00512043 /* AppDelegate.swift */,
				0F087CFD294CD0AF00512043 /* SceneDelegate.swift */,
				0F087CFF294CD0AF00512043 /* ViewController.swift */,
			);
			path = DojoApp;
			sourceTree = "<group>";
		};
		0F087D11294CD0B100512043 /* DojoAppTests */ = {
			isa = PBXGroup;
			children = (
				0F087D12294CD0B100512043 /* DojoAppTests.swift */,
			);
			path = DojoAppTests;
			sourceTree = "<group>";
		};
		0F087D1B294CD0B100512043 /* DojoAppUITests */ = {
			isa = PBXGroup;
			children = (
				0F087D1C294CD0B100512043 /* DojoAppUITests.swift */,
				0F087D1E294CD0B100512043 /* DojoAppUITestsLaunchTests.swift */,
			);
			path = DojoAppUITests;
			sourceTree = "<group>";
		};
		0F087D2B294CD11D00512043 /* Resources */ = {
			isa = PBXGroup;
			children = (
				0F087D01294CD0AF00512043 /* Main.storyboard */,
				0F087D04294CD0B000512043 /* Assets.xcassets */,
				0F087D06294CD0B000512043 /* LaunchScreen.storyboard */,
				0F087D09294CD0B000512043 /* Info.plist */,
			);
			path = Resources;
			sourceTree = "<group>";
		};
/* End PBXGroup section */

/* Begin PBXNativeTarget section */
		0F087CF7294CD0AF00512043 /* DojoApp */ = {
			isa = PBXNativeTarget;
			buildConfigurationList = 0F087D22294CD0B100512043 /* Build configuration list for PBXNativeTarget "DojoApp" */;
			buildPhases = (
				0F087CF4294CD0AF00512043 /* Sources */,
				0F087CF5294CD0AF00512043 /* Frameworks */,
				0F087CF6294CD0AF00512043 /* Resources */,
			);
			buildRules = (
			);
			dependencies = (
			);
			name = DojoApp;
			productName = DojoApp;
			productReference = 0F087CF8294CD0AF00512043 /* DojoApp.app */;
			productType = "com.apple.product-type.application";
		};
		0F087D0D294CD0B100512043 /* DojoAppTests */ = {
			isa = PBXNativeTarget;
			buildConfigurationList = 0F087D25294CD0B100512043 /* Build configuration list for PBXNativeTarget "DojoAppTests" */;
			buildPhases = (
				0F087D0A294CD0B100512043 /* Sources */,
				0F087D0B294CD0B100512043 /* Frameworks */,
				0F087D0C294CD0B100512043 /* Resources */,
			);
			buildRules = (
			);
			dependencies = (
				0F087D10294CD0B100512043 /* PBXTargetDependency */,
			);
			name = DojoAppTests;
			productName = DojoAppTests;
			productReference = 0F087D0E294CD0B100512043 /* DojoAppTests.xctest */;
			productType = "com.apple.product-type.bundle.unit-test";
		};
		0F087D17294CD0B100512043 /* DojoAppUITests */ = {
			isa = PBXNativeTarget;
			buildConfigurationList = 0F087D28294CD0B100512043 /* Build configuration list for PBXNativeTarget "DojoAppUITests" */;
			buildPhases = (
				0F087D14294CD0B100512043 /* Sources */,
				0F087D15294CD0B100512043 /* Frameworks */,
				0F087D16294CD0B100512043 /* Resources */,
			);
			buildRules = (
			);
			dependencies = (
				0F087D1A294CD0B100512043 /* PBXTargetDependency */,
			);
			name = DojoAppUITests;
			productName = DojoAppUITests;
			productReference = 0F087D18294CD0B100512043 /* DojoAppUITests.xctest */;
			productType = "com.apple.product-type.bundle.ui-testing";
		};
/* End PBXNativeTarget section */

/* Begin PBXProject section */
		0F087CF0294CD0AF00512043 /* Project object */ = {
			isa = PBXProject;
			attributes = {
				BuildIndependentTargetsInParallel = 1;
				LastSwiftUpdateCheck = 1400;
				LastUpgradeCheck = 1400;
				TargetAttributes = {
					0F087CF7294CD0AF00512043 = {
						CreatedOnToolsVersion = 14.0.1;
					};
					0F087D0D294CD0B100512043 = {
						CreatedOnToolsVersion = 14.0.1;
						TestTargetID = 0F087CF7294CD0AF00512043;
					};
					0F087D17294CD0B100512043 = {
						CreatedOnToolsVersion = 14.0.1;
						TestTargetID = 0F087CF7294CD0AF00512043;
					};
				};
			};
			buildConfigurationList = 0F087CF3294CD0AF00512043 /* Build configuration list for PBXProject "DojoApp" */;
			compatibilityVersion = "Xcode 14.0";
			developmentRegion = en;
			hasScannedForEncodings = 0;
			knownRegions = (
				en,
				Base,
			);
			mainGroup = 0F087CEF294CD0AF00512043;
			productRefGroup = 0F087CF9294CD0AF00512043 /* Products */;
			projectDirPath = "";
			projectRoot = "";
			targets = (
				0F087CF7294CD0AF00512043 /* DojoApp */,
				0F087D0D294CD0B100512043 /* DojoAppTests */,
				0F087D17294CD0B100512043 /* DojoAppUITests */,
			);
		};
/* End PBXProject section */

/* Begin PBXResourcesBuildPhase section */
		0F087CF6294CD0AF00512043 /* Resources */ = {
			isa = PBXResourcesBuildPhase;
			buildActionMask = 2147483647;
			files = (
				0F087D08294CD0B000512043 /* LaunchScreen.storyboard in Resources */,
				0F087D05294CD0B000512043 /* Assets.xcassets in Resources */,
				0F087D03294CD0AF00512043 /* Main.storyboard in Resources */,
			);
			runOnlyForDeploymentPostprocessing = 0;
		};
		0F087D0C294CD0B100512043 /* Resources */ = {
			isa = PBXResourcesBuildPhase;
			buildActionMask = 2147483647;
			files = (
			);
			runOnlyForDeploymentPostprocessing = 0;
		};
		0F087D16294CD0B100512043 /* Resources */ = {
			isa = PBXResourcesBuildPhase;
			buildActionMask = 2147483647;
			files = (
			);
			runOnlyForDeploymentPostprocessing = 0;
		};
/* End PBXResourcesBuildPhase section */

/* Begin PBXSourcesBuildPhase section */
		0F087CF4294CD0AF00512043 /* Sources */ = {
			isa = PBXSourcesBuildPhase;
			buildActionMask = 2147483647;
			files = (
				0F087D00294CD0AF00512043 /* ViewController.swift in Sources */,
				0F087CFC294CD0AF00512043 /* AppDelegate.swift in Sources */,
				0F087CFE294CD0AF00512043 /* SceneDelegate.swift in Sources */,
			);
			runOnlyForDeploymentPostprocessing = 0;
		};
		0F087D0A294CD0B100512043 /* Sources */ = {
			isa = PBXSourcesBuildPhase;
			buildActionMask = 2147483647;
			files = (
				0F087D13294CD0B100512043 /* DojoAppTests.swift in Sources */,
			);
			runOnlyForDeploymentPostprocessing = 0;
		};
		0F087D14294CD0B100512043 /* Sources */ = {
			isa = PBXSourcesBuildPhase;
			buildActionMask = 2147483647;
			files = (
				0F087D1F294CD0B100512043 /* DojoAppUITestsLaunchTests.swift in Sources */,
				0F087D1D294CD0B100512043 /* DojoAppUITests.swift in Sources */,
			);
			runOnlyForDeploymentPostprocessing = 0;
		};
/* End PBXSourcesBuildPhase section */

/* Begin PBXTargetDependency section */
		0F087D10294CD0B100512043 /* PBXTargetDependency */ = {
			isa = PBXTargetDependency;
			target = 0F087CF7294CD0AF00512043 /* DojoApp */;
			targetProxy = 0F087D0F294CD0B100512043 /* PBXContainerItemProxy */;
		};
		0F087D1A294CD0B100512043 /* PBXTargetDependency */ = {
			isa = PBXTargetDependency;
			target = 0F087CF7294CD0AF00512043 /* DojoApp */;
			targetProxy = 0F087D19294CD0B100512043 /* PBXContainerItemProxy */;
		};
/* End PBXTargetDependency section */

/* Begin PBXVariantGroup section */
		0F087D01294CD0AF00512043 /* Main.storyboard */ = {
			isa = PBXVariantGroup;
			children = (
				0F087D02294CD0AF00512043 /* Base */,
			);
			name = Main.storyboard;
			sourceTree = "<group>";
		};
		0F087D06294CD0B000512043 /* LaunchScreen.storyboard */ = {
			isa = PBXVariantGroup;
			children = (
				0F087D07294CD0B000512043 /* Base */,
			);
			name = LaunchScreen.storyboard;
			sourceTree = "<group>";
		};
/* End PBXVariantGroup section */

/* Begin XCBuildConfiguration section */
		0F087D20294CD0B100512043 /* Debug */ = {
			isa = XCBuildConfiguration;
			buildSettings = {
				ALWAYS_SEARCH_USER_PATHS = NO;
				CLANG_ANALYZER_NONNULL = YES;
				CLANG_ANALYZER_NUMBER_OBJECT_CONVERSION = YES_AGGRESSIVE;
				CLANG_CXX_LANGUAGE_STANDARD = "gnu++20";
				CLANG_ENABLE_MODULES = YES;
				CLANG_ENABLE_OBJC_ARC = YES;
				CLANG_ENABLE_OBJC_WEAK = YES;
				CLANG_WARN_BLOCK_CAPTURE_AUTORELEASING = YES;
				CLANG_WARN_BOOL_CONVERSION = YES;
				CLANG_WARN_COMMA = YES;
				CLANG_WARN_CONSTANT_CONVERSION = YES;
				CLANG_WARN_DEPRECATED_OBJC_IMPLEMENTATIONS = YES;
				CLANG_WARN_DIRECT_OBJC_ISA_USAGE = YES_ERROR;
				CLANG_WARN_DOCUMENTATION_COMMENTS = YES;
				CLANG_WARN_EMPTY_BODY = YES;
				CLANG_WARN_ENUM_CONVERSION = YES;
				CLANG_WARN_INFINITE_RECURSION = YES;
				CLANG_WARN_INT_CONVERSION = YES;
				CLANG_WARN_NON_LITERAL_NULL_CONVERSION = YES;
				CLANG_WARN_OBJC_IMPLICIT_RETAIN_SELF = YES;
				CLANG_WARN_OBJC_LITERAL_CONVERSION = YES;
				CLANG_WARN_OBJC_ROOT_CLASS = YES_ERROR;
				CLANG_WARN_QUOTED_INCLUDE_IN_FRAMEWORK_HEADER = YES;
				CLANG_WARN_RANGE_LOOP_ANALYSIS = YES;
				CLANG_WARN_STRICT_PROTOTYPES = YES;
				CLANG_WARN_SUSPICIOUS_MOVE = YES;
				CLANG_WARN_UNGUARDED_AVAILABILITY = YES_AGGRESSIVE;
				CLANG_WARN_UNREACHABLE_CODE = YES;
				CLANG_WARN__DUPLICATE_METHOD_MATCH = YES;
				COPY_PHASE_STRIP = NO;
				DEBUG_INFORMATION_FORMAT = dwarf;
				ENABLE_STRICT_OBJC_MSGSEND = YES;
				ENABLE_TESTABILITY = YES;
				GCC_C_LANGUAGE_STANDARD = gnu11;
				GCC_DYNAMIC_NO_PIC = NO;
				GCC_NO_COMMON_BLOCKS = YES;
				GCC_OPTIMIZATION_LEVEL = 0;
				GCC_PREPROCESSOR_DEFINITIONS = (
					"DEBUG=1",
					"$(inherited)",
				);
				GCC_WARN_64_TO_32_BIT_CONVERSION = YES;
				GCC_WARN_ABOUT_RETURN_TYPE = YES_ERROR;
				GCC_WARN_UNDECLARED_SELECTOR = YES;
				GCC_WARN_UNINITIALIZED_AUTOS = YES_AGGRESSIVE;
				GCC_WARN_UNUSED_FUNCTION = YES;
				GCC_WARN_UNUSED_VARIABLE = YES;
				IPHONEOS_DEPLOYMENT_TARGET = 16.0;
				MTL_ENABLE_DEBUG_INFO = INCLUDE_SOURCE;
				MTL_FAST_MATH = YES;
				ONLY_ACTIVE_ARCH = YES;
				SDKROOT = iphoneos;
				SWIFT_ACTIVE_COMPILATION_CONDITIONS = DEBUG;
				SWIFT_OPTIMIZATION_LEVEL = "-Onone";
			};
			name = Debug;
		};
		0F087D21294CD0B100512043 /* Release */ = {
			isa = XCBuildConfiguration;
			buildSettings = {
				ALWAYS_SEARCH_USER_PATHS = NO;
				CLANG_ANALYZER_NONNULL = YES;
				CLANG_ANALYZER_NUMBER_OBJECT_CONVERSION = YES_AGGRESSIVE;
				CLANG_CXX_LANGUAGE_STANDARD = "gnu++20";
				CLANG_ENABLE_MODULES = YES;
				CLANG_ENABLE_OBJC_ARC = YES;
				CLANG_ENABLE_OBJC_WEAK = YES;
				CLANG_WARN_BLOCK_CAPTURE_AUTORELEASING = YES;
				CLANG_WARN_BOOL_CONVERSION = YES;
				CLANG_WARN_COMMA = YES;
				CLANG_WARN_CONSTANT_CONVERSION = YES;
				CLANG_WARN_DEPRECATED_OBJC_IMPLEMENTATIONS = YES;
				CLANG_WARN_DIRECT_OBJC_ISA_USAGE = YES_ERROR;
				CLANG_WARN_DOCUMENTATION_COMMENTS = YES;
				CLANG_WARN_EMPTY_BODY = YES;
				CLANG_WARN_ENUM_CONVERSION = YES;
				CLANG_WARN_INFINITE_RECURSION = YES;
				CLANG_WARN_INT_CONVERSION = YES;
				CLANG_WARN_NON_LITERAL_NULL_CONVERSION = YES;
				CLANG_WARN_OBJC_IMPLICIT_RETAIN_SELF = YES;
				CLANG_WARN_OBJC_LITERAL_CONVERSION = YES;
				CLANG_WARN_OBJC_ROOT_CLASS = YES_ERROR;
				CLANG_WARN_QUOTED_INCLUDE_IN_FRAMEWORK_HEADER = YES;
				CLANG_WARN_RANGE_LOOP_ANALYSIS = YES;
				CLANG_WARN_STRICT_PROTOTYPES = YES;
				CLANG_WARN_SUSPICIOUS_MOVE = YES;
				CLANG_WARN_UNGUARDED_AVAILABILITY = YES_AGGRESSIVE;
				CLANG_WARN_UNREACHABLE_CODE = YES;
				CLANG_WARN__DUPLICATE_METHOD_MATCH = YES;
				COPY_PHASE_STRIP = NO;
				DEBUG_INFORMATION_FORMAT = "dwarf-with-dsym";
				ENABLE_NS_ASSERTIONS = NO;
				ENABLE_STRICT_OBJC_MSGSEND = YES;
				GCC_C_LANGUAGE_STANDARD = gnu11;
				GCC_NO_COMMON_BLOCKS = YES;
				GCC_WARN_64_TO_32_BIT_CONVERSION = YES;
				GCC_WARN_ABOUT_RETURN_TYPE = YES_ERROR;
				GCC_WARN_UNDECLARED_SELECTOR = YES;
				GCC_WARN_UNINITIALIZED_AUTOS = YES_AGGRESSIVE;
				GCC_WARN_UNUSED_FUNCTION = YES;
				GCC_WARN_UNUSED_VARIABLE = YES;
				IPHONEOS_DEPLOYMENT_TARGET = 16.0;
				MTL_ENABLE_DEBUG_INFO = NO;
				MTL_FAST_MATH = YES;
				SDKROOT = iphoneos;
				SWIFT_COMPILATION_MODE = wholemodule;
				SWIFT_OPTIMIZATION_LEVEL = "-O";
				VALIDATE_PRODUCT = YES;
			};
			name = Release;
		};
		0F087D23294CD0B100512043 /* Debug */ = {
			isa = XCBuildConfiguration;
			buildSettings = {
				ASSETCATALOG_COMPILER_APPICON_NAME = AppIcon;
				ASSETCATALOG_COMPILER_GLOBAL_ACCENT_COLOR_NAME = AccentColor;
				CODE_SIGN_STYLE = Automatic;
				CURRENT_PROJECT_VERSION = 1;
				GENERATE_INFOPLIST_FILE = YES;
				INFOPLIST_FILE = DojoApp/Resources/Info.plist;
				INFOPLIST_KEY_UIApplicationSupportsIndirectInputEvents = YES;
				INFOPLIST_KEY_UILaunchStoryboardName = LaunchScreen;
				INFOPLIST_KEY_UIMainStoryboardFile = Main;
				INFOPLIST_KEY_UISupportedInterfaceOrientations = UIInterfaceOrientationPortrait;
				INFOPLIST_KEY_UISupportedInterfaceOrientations_iPad = "UIInterfaceOrientationLandscapeLeft UIInterfaceOrientationLandscapeRight UIInterfaceOrientationPortrait UIInterfaceOrientationPortraitUpsideDown";
				LD_RUNPATH_SEARCH_PATHS = (
					"$(inherited)",
					"@executable_path/Frameworks",
				);
				MARKETING_VERSION = 1.0;
				PRODUCT_BUNDLE_IDENTIFIER = com.togepi.DojoApp;
				PRODUCT_NAME = "$(TARGET_NAME)";
				SUPPORTED_PLATFORMS = "iphoneos iphonesimulator";
				SUPPORTS_MACCATALYST = NO;
				SUPPORTS_MAC_DESIGNED_FOR_IPHONE_IPAD = NO;
				SWIFT_EMIT_LOC_STRINGS = YES;
				SWIFT_VERSION = 5.0;
				TARGETED_DEVICE_FAMILY = 1;
			};
			name = Debug;
		};
		0F087D24294CD0B100512043 /* Release */ = {
			isa = XCBuildConfiguration;
			buildSettings = {
				ASSETCATALOG_COMPILER_APPICON_NAME = AppIcon;
				ASSETCATALOG_COMPILER_GLOBAL_ACCENT_COLOR_NAME = AccentColor;
				CODE_SIGN_STYLE = Automatic;
				CURRENT_PROJECT_VERSION = 1;
				GENERATE_INFOPLIST_FILE = YES;
				INFOPLIST_FILE = DojoApp/Resources/Info.plist;
				INFOPLIST_KEY_UIApplicationSupportsIndirectInputEvents = YES;
				INFOPLIST_KEY_UILaunchStoryboardName = LaunchScreen;
				INFOPLIST_KEY_UIMainStoryboardFile = Main;
				INFOPLIST_KEY_UISupportedInterfaceOrientations = UIInterfaceOrientationPortrait;
				INFOPLIST_KEY_UISupportedInterfaceOrientations_iPad = "UIInterfaceOrientationLandscapeLeft UIInterfaceOrientationLandscapeRight UIInterfaceOrientationPortrait UIInterfaceOrientationPortraitUpsideDown";
				LD_RUNPATH_SEARCH_PATHS = (
					"$(inherited)",
					"@executable_path/Frameworks",
				);
				MARKETING_VERSION = 1.0;
				PRODUCT_BUNDLE_IDENTIFIER = com.togepi.DojoApp;
				PRODUCT_NAME = "$(TARGET_NAME)";
				SUPPORTED_PLATFORMS = "iphoneos iphonesimulator";
				SUPPORTS_MACCATALYST = NO;
				SUPPORTS_MAC_DESIGNED_FOR_IPHONE_IPAD = NO;
				SWIFT_EMIT_LOC_STRINGS = YES;
				SWIFT_VERSION = 5.0;
				TARGETED_DEVICE_FAMILY = 1;
			};
			name = Release;
		};
		0F087D26294CD0B100512043 /* Debug */ = {
			isa = XCBuildConfiguration;
			buildSettings = {
				ALWAYS_EMBED_SWIFT_STANDARD_LIBRARIES = YES;
				BUNDLE_LOADER = "$(TEST_HOST)";
				CODE_SIGN_STYLE = Automatic;
				CURRENT_PROJECT_VERSION = 1;
				GENERATE_INFOPLIST_FILE = YES;
				IPHONEOS_DEPLOYMENT_TARGET = 16.0;
				MARKETING_VERSION = 1.0;
				PRODUCT_BUNDLE_IDENTIFIER = com.togepi.DojoAppTests;
				PRODUCT_NAME = "$(TARGET_NAME)";
				SWIFT_EMIT_LOC_STRINGS = NO;
				SWIFT_VERSION = 5.0;
				TARGETED_DEVICE_FAMILY = "1,2";
				TEST_HOST = "$(BUILT_PRODUCTS_DIR)/DojoApp.app/$(BUNDLE_EXECUTABLE_FOLDER_PATH)/DojoApp";
			};
			name = Debug;
		};
		0F087D27294CD0B100512043 /* Release */ = {
			isa = XCBuildConfiguration;
			buildSettings = {
				ALWAYS_EMBED_SWIFT_STANDARD_LIBRARIES = YES;
				BUNDLE_LOADER = "$(TEST_HOST)";
				CODE_SIGN_STYLE = Automatic;
				CURRENT_PROJECT_VERSION = 1;
				GENERATE_INFOPLIST_FILE = YES;
				IPHONEOS_DEPLOYMENT_TARGET = 16.0;
				MARKETING_VERSION = 1.0;
				PRODUCT_BUNDLE_IDENTIFIER = com.togepi.DojoAppTests;
				PRODUCT_NAME = "$(TARGET_NAME)";
				SWIFT_EMIT_LOC_STRINGS = NO;
				SWIFT_VERSION = 5.0;
				TARGETED_DEVICE_FAMILY = "1,2";
				TEST_HOST = "$(BUILT_PRODUCTS_DIR)/DojoApp.app/$(BUNDLE_EXECUTABLE_FOLDER_PATH)/DojoApp";
			};
			name = Release;
		};
		0F087D29294CD0B100512043 /* Debug */ = {
			isa = XCBuildConfiguration;
			buildSettings = {
				ALWAYS_EMBED_SWIFT_STANDARD_LIBRARIES = YES;
				CODE_SIGN_STYLE = Automatic;
				CURRENT_PROJECT_VERSION = 1;
				GENERATE_INFOPLIST_FILE = YES;
				MARKETING_VERSION = 1.0;
				PRODUCT_BUNDLE_IDENTIFIER = com.togepi.DojoAppUITests;
				PRODUCT_NAME = "$(TARGET_NAME)";
				SWIFT_EMIT_LOC_STRINGS = NO;
				SWIFT_VERSION = 5.0;
				TARGETED_DEVICE_FAMILY = "1,2";
				TEST_TARGET_NAME = DojoApp;
			};
			name = Debug;
		};
		0F087D2A294CD0B100512043 /* Release */ = {
			isa = XCBuildConfiguration;
			buildSettings = {
				ALWAYS_EMBED_SWIFT_STANDARD_LIBRARIES = YES;
				CODE_SIGN_STYLE = Automatic;
				CURRENT_PROJECT_VERSION = 1;
				GENERATE_INFOPLIST_FILE = YES;
				MARKETING_VERSION = 1.0;
				PRODUCT_BUNDLE_IDENTIFIER = com.togepi.DojoAppUITests;
				PRODUCT_NAME = "$(TARGET_NAME)";
				SWIFT_EMIT_LOC_STRINGS = NO;
				SWIFT_VERSION = 5.0;
				TARGETED_DEVICE_FAMILY = "1,2";
				TEST_TARGET_NAME = DojoApp;
			};
			name = Release;
		};
/* End XCBuildConfiguration section */

/* Begin XCConfigurationList section */
		0F087CF3294CD0AF00512043 /* Build configuration list for PBXProject "DojoApp" */ = {
			isa = XCConfigurationList;
			buildConfigurations = (
				0F087D20294CD0B100512043 /* Debug */,
				0F087D21294CD0B100512043 /* Release */,
			);
			defaultConfigurationIsVisible = 0;
			defaultConfigurationName = Release;
		};
		0F087D22294CD0B100512043 /* Build configuration list for PBXNativeTarget "DojoApp" */ = {
			isa = XCConfigurationList;
			buildConfigurations = (
				0F087D23294CD0B100512043 /* Debug */,
				0F087D24294CD0B100512043 /* Release */,
			);
			defaultConfigurationIsVisible = 0;
			defaultConfigurationName = Release;
		};
		0F087D25294CD0B100512043 /* Build configuration list for PBXNativeTarget "DojoAppTests" */ = {
			isa = XCConfigurationList;
			buildConfigurations = (
				0F087D26294CD0B100512043 /* Debug */,
				0F087D27294CD0B100512043 /* Release */,
			);
			defaultConfigurationIsVisible = 0;
			defaultConfigurationName = Release;
		};
		0F087D28294CD0B100512043 /* Build configuration list for PBXNativeTarget "DojoAppUITests" */ = {
			isa = XCConfigurationList;
			buildConfigurations = (
				0F087D29294CD0B100512043 /* Debug */,
				0F087D2A294CD0B100512043 /* Release */,
			);
			defaultConfigurationIsVisible = 0;
			defaultConfigurationName = Release;
		};
/* End XCConfigurationList section */
	};
	rootObject = 0F087CF0294CD0AF00512043 /* Project object */;
}
